
Microsoft Visual Studio Solution File, Format Version 12.00
# Visual Studio 2013
Project("{FAE04EC0-301F-11D3-BF4B-00C04F79EFBC}") = "UnityVS.Rektangle.CSharp.Plugins", "UnityVS.Rektangle.CSharp.Plugins.csproj", "{0F6FE8EB-5613-E4CE-1212-1AA2FFE736FF}"
EndProject
Project("{FAE04EC0-301F-11D3-BF4B-00C04F79EFBC}") = "UnityVS.Rektangle.CSharp", "UnityVS.Rektangle.CSharp.csproj", "{B5E00765-0BFF-9A73-A651-EE7D6DCE6ADB}"
EndProject
Project("{FAE04EC0-301F-11D3-BF4B-00C04F79EFBC}") = "UnityVS.Rektangle.CSharp.Editor", "UnityVS.Rektangle.CSharp.Editor.csproj", "{93CB1C35-2A5C-3383-9425-B8930664601F}"
EndProject
Global
	GlobalSection(SolutionConfigurationPlatforms) = preSolution
		Debug|Any CPU = Debug|Any CPU
		Release|Any CPU = Release|Any CPU
	EndGlobalSection
	GlobalSection(ProjectConfigurationPlatforms) = postSolution
		{0F6FE8EB-5613-E4CE-1212-1AA2FFE736FF}.Debug|Any CPU.ActiveCfg = Debug|Any CPU
		{0F6FE8EB-5613-E4CE-1212-1AA2FFE736FF}.Debug|Any CPU.Build.0 = Debug|Any CPU
		{0F6FE8EB-5613-E4CE-1212-1AA2FFE736FF}.Release|Any CPU.ActiveCfg = Release|Any CPU
		{0F6FE8EB-5613-E4CE-1212-1AA2FFE736FF}.Release|Any CPU.Build.0 = Release|Any CPU
		{B5E00765-0BFF-9A73-A651-EE7D6DCE6ADB}.Debug|Any CPU.ActiveCfg = Debug|Any CPU
		{B5E00765-0BFF-9A73-A651-EE7D6DCE6ADB}.Debug|Any CPU.Build.0 = Debug|Any CPU
		{B5E00765-0BFF-9A73-A651-EE7D6DCE6ADB}.Release|Any CPU.ActiveCfg = Release|Any CPU
		{B5E00765-0BFF-9A73-A651-EE7D6DCE6ADB}.Release|Any CPU.Build.0 = Release|Any CPU
		{93CB1C35-2A5C-3383-9425-B8930664601F}.Debug|Any CPU.ActiveCfg = Debug|Any CPU
		{93CB1C35-2A5C-3383-9425-B8930664601F}.Debug|Any CPU.Build.0 = Debug|Any CPU
		{93CB1C35-2A5C-3383-9425-B8930664601F}.Release|Any CPU.ActiveCfg = Release|Any CPU
		{93CB1C35-2A5C-3383-9425-B8930664601F}.Release|Any CPU.Build.0 = Release|Any CPU
	EndGlobalSection
	GlobalSection(SolutionProperties) = preSolution
		HideSolutionNode = FALSE
	EndGlobalSection
EndGlobal
